
Microsoft Visual Studio Solution File, Format Version 12.00
# Visual Studio Version 16
VisualStudioVersion = 16.0.30717.126
MinimumVisualStudioVersion = 10.0.40219.1
Project("{2150E333-8FDC-42A3-9474-1A3956D46DE8}") = "src", "src", "{08DDF8F7-26C0-4164-81F9-F015A09BA58E}"
EndProject
Project("{2150E333-8FDC-42A3-9474-1A3956D46DE8}") = "Catalaog", "Catalaog", "{7069973C-DDA7-4D6F-8CF0-114FED5A16D0}"
EndProject
Project("{9A19103F-16F7-4668-BE54-9A1E7A4F7556}") = "Catalog.API", "src\Catalog\Catalog.API\Catalog.API.csproj", "{59FA8737-D46F-4507-8B14-15FFB0D5FAFA}"
EndProject
Project("{E53339B2-1760-4266-BCC7-CA923CBCF16C}") = "docker-compose", "docker-compose.dcproj", "{5B4F9504-FCCE-4C0F-8009-2661D9487AFF}"
EndProject
Project("{2150E333-8FDC-42A3-9474-1A3956D46DE8}") = "Basket", "Basket", "{3A4146C9-A427-4205-B6A3-CE0A6900D80C}"
EndProject
Project("{9A19103F-16F7-4668-BE54-9A1E7A4F7556}") = "Basket.API", "Basket.API\Basket.API.csproj", "{8D0DF5E3-B9F5-4543-961A-F510F5EC8D33}"
EndProject
Project("{2150E333-8FDC-42A3-9474-1A3956D46DE8}") = "Common", "Common", "{CB6A1995-369E-46A6-AC6F-FEF1CFB0B62C}"
EndProject
Project("{9A19103F-16F7-4668-BE54-9A1E7A4F7556}") = "EventBusRabbitMQ", "src\Common\EventBusRabbitMQ\EventBusRabbitMQ.csproj", "{413E5FA3-AE24-4974-AAD6-00C5AD1E365B}"
EndProject
Project("{2150E333-8FDC-42A3-9474-1A3956D46DE8}") = "Ordering", "Ordering", "{C6D4CCBC-C279-47EE-942F-350C0276D5E9}"
EndProject
Project("{9A19103F-16F7-4668-BE54-9A1E7A4F7556}") = "Ordering.Api", "src\Ordering\Ordering.Api\Ordering.Api.csproj", "{F1B8D1E5-8D55-40CA-AAA7-0C7CA4CC798E}"
EndProject
Project("{9A19103F-16F7-4668-BE54-9A1E7A4F7556}") = "Ordering.Core", "src\Ordering\Ordering.Core\Ordering.Core.csproj", "{49B78712-D0A1-42A2-8623-F0A42B262D7F}"
EndProject
Project("{9A19103F-16F7-4668-BE54-9A1E7A4F7556}") = "Ordering.Infrastructure", "src\Ordering\Ordering.Infrastructure\Ordering.Infrastructure.csproj", "{D8101C92-9A01-4828-92D9-F01D6FDA8F8B}"
EndProject
Project("{9A19103F-16F7-4668-BE54-9A1E7A4F7556}") = "Ordering.Application", "src\Ordering\Ordering.Application\Ordering.Application.csproj", "{6B1353A0-B54B-4BAE-824B-B8ABC1240A41}"
EndProject
Project("{2150E333-8FDC-42A3-9474-1A3956D46DE8}") = "ApiGateway", "ApiGateway", "{4A64AEF7-6F7A-435D-8B2E-8FDD292E8D7C}"
EndProject
Project("{FAE04EC0-301F-11D3-BF4B-00C04F79EFBC}") = "OcelotAPIGateway", "src\ApiGateway\OcelotAPIGateway\OcelotAPIGateway.csproj", "{AD66E3A2-D108-4D7D-84D1-9D630EBAC0CF}"
EndProject
Global
	GlobalSection(SolutionConfigurationPlatforms) = preSolution
		Debug|Any CPU = Debug|Any CPU
		Release|Any CPU = Release|Any CPU
	EndGlobalSection
	GlobalSection(ProjectConfigurationPlatforms) = postSolution
		{59FA8737-D46F-4507-8B14-15FFB0D5FAFA}.Debug|Any CPU.ActiveCfg = Debug|Any CPU
		{59FA8737-D46F-4507-8B14-15FFB0D5FAFA}.Debug|Any CPU.Build.0 = Debug|Any CPU
		{59FA8737-D46F-4507-8B14-15FFB0D5FAFA}.Release|Any CPU.ActiveCfg = Release|Any CPU
		{59FA8737-D46F-4507-8B14-15FFB0D5FAFA}.Release|Any CPU.Build.0 = Release|Any CPU
		{5B4F9504-FCCE-4C0F-8009-2661D9487AFF}.Debug|Any CPU.ActiveCfg = Debug|Any CPU
		{5B4F9504-FCCE-4C0F-8009-2661D9487AFF}.Debug|Any CPU.Build.0 = Debug|Any CPU
		{5B4F9504-FCCE-4C0F-8009-2661D9487AFF}.Release|Any CPU.ActiveCfg = Release|Any CPU
		{5B4F9504-FCCE-4C0F-8009-2661D9487AFF}.Release|Any CPU.Build.0 = Release|Any CPU
		{8D0DF5E3-B9F5-4543-961A-F510F5EC8D33}.Debug|Any CPU.ActiveCfg = Debug|Any CPU
		{8D0DF5E3-B9F5-4543-961A-F510F5EC8D33}.Debug|Any CPU.Build.0 = Debug|Any CPU
		{8D0DF5E3-B9F5-4543-961A-F510F5EC8D33}.Release|Any CPU.ActiveCfg = Release|Any CPU
		{8D0DF5E3-B9F5-4543-961A-F510F5EC8D33}.Release|Any CPU.Build.0 = Release|Any CPU
		{413E5FA3-AE24-4974-AAD6-00C5AD1E365B}.Debug|Any CPU.ActiveCfg = Debug|Any CPU
		{413E5FA3-AE24-4974-AAD6-00C5AD1E365B}.Debug|Any CPU.Build.0 = Debug|Any CPU
		{413E5FA3-AE24-4974-AAD6-00C5AD1E365B}.Release|Any CPU.ActiveCfg = Release|Any CPU
		{413E5FA3-AE24-4974-AAD6-00C5AD1E365B}.Release|Any CPU.Build.0 = Release|Any CPU
		{F1B8D1E5-8D55-40CA-AAA7-0C7CA4CC798E}.Debug|Any CPU.ActiveCfg = Debug|Any CPU
		{F1B8D1E5-8D55-40CA-AAA7-0C7CA4CC798E}.Debug|Any CPU.Build.0 = Debug|Any CPU
		{F1B8D1E5-8D55-40CA-AAA7-0C7CA4CC798E}.Release|Any CPU.ActiveCfg = Release|Any CPU
		{F1B8D1E5-8D55-40CA-AAA7-0C7CA4CC798E}.Release|Any CPU.Build.0 = Release|Any CPU
		{49B78712-D0A1-42A2-8623-F0A42B262D7F}.Debug|Any CPU.ActiveCfg = Debug|Any CPU
		{49B78712-D0A1-42A2-8623-F0A42B262D7F}.Debug|Any CPU.Build.0 = Debug|Any CPU
		{49B78712-D0A1-42A2-8623-F0A42B262D7F}.Release|Any CPU.ActiveCfg = Release|Any CPU
		{49B78712-D0A1-42A2-8623-F0A42B262D7F}.Release|Any CPU.Build.0 = Release|Any CPU
		{D8101C92-9A01-4828-92D9-F01D6FDA8F8B}.Debug|Any CPU.ActiveCfg = Debug|Any CPU
		{D8101C92-9A01-4828-92D9-F01D6FDA8F8B}.Debug|Any CPU.Build.0 = Debug|Any CPU
		{D8101C92-9A01-4828-92D9-F01D6FDA8F8B}.Release|Any CPU.ActiveCfg = Release|Any CPU
		{D8101C92-9A01-4828-92D9-F01D6FDA8F8B}.Release|Any CPU.Build.0 = Release|Any CPU
		{6B1353A0-B54B-4BAE-824B-B8ABC1240A41}.Debug|Any CPU.ActiveCfg = Debug|Any CPU
		{6B1353A0-B54B-4BAE-824B-B8ABC1240A41}.Debug|Any CPU.Build.0 = Debug|Any CPU
		{6B1353A0-B54B-4BAE-824B-B8ABC1240A41}.Release|Any CPU.ActiveCfg = Release|Any CPU
		{6B1353A0-B54B-4BAE-824B-B8ABC1240A41}.Release|Any CPU.Build.0 = Release|Any CPU
		{AD66E3A2-D108-4D7D-84D1-9D630EBAC0CF}.Debug|Any CPU.ActiveCfg = Debug|Any CPU
		{AD66E3A2-D108-4D7D-84D1-9D630EBAC0CF}.Debug|Any CPU.Build.0 = Debug|Any CPU
		{AD66E3A2-D108-4D7D-84D1-9D630EBAC0CF}.Release|Any CPU.ActiveCfg = Release|Any CPU
		{AD66E3A2-D108-4D7D-84D1-9D630EBAC0CF}.Release|Any CPU.Build.0 = Release|Any CPU
	EndGlobalSection
	GlobalSection(SolutionProperties) = preSolution
		HideSolutionNode = FALSE
	EndGlobalSection
	GlobalSection(NestedProjects) = preSolution
		{7069973C-DDA7-4D6F-8CF0-114FED5A16D0} = {08DDF8F7-26C0-4164-81F9-F015A09BA58E}
		{59FA8737-D46F-4507-8B14-15FFB0D5FAFA} = {7069973C-DDA7-4D6F-8CF0-114FED5A16D0}
		{3A4146C9-A427-4205-B6A3-CE0A6900D80C} = {08DDF8F7-26C0-4164-81F9-F015A09BA58E}
		{8D0DF5E3-B9F5-4543-961A-F510F5EC8D33} = {3A4146C9-A427-4205-B6A3-CE0A6900D80C}
		{CB6A1995-369E-46A6-AC6F-FEF1CFB0B62C} = {08DDF8F7-26C0-4164-81F9-F015A09BA58E}
		{413E5FA3-AE24-4974-AAD6-00C5AD1E365B} = {CB6A1995-369E-46A6-AC6F-FEF1CFB0B62C}
		{C6D4CCBC-C279-47EE-942F-350C0276D5E9} = {08DDF8F7-26C0-4164-81F9-F015A09BA58E}
		{F1B8D1E5-8D55-40CA-AAA7-0C7CA4CC798E} = {C6D4CCBC-C279-47EE-942F-350C0276D5E9}
		{49B78712-D0A1-42A2-8623-F0A42B262D7F} = {C6D4CCBC-C279-47EE-942F-350C0276D5E9}
		{D8101C92-9A01-4828-92D9-F01D6FDA8F8B} = {C6D4CCBC-C279-47EE-942F-350C0276D5E9}
		{6B1353A0-B54B-4BAE-824B-B8ABC1240A41} = {C6D4CCBC-C279-47EE-942F-350C0276D5E9}
		{4A64AEF7-6F7A-435D-8B2E-8FDD292E8D7C} = {08DDF8F7-26C0-4164-81F9-F015A09BA58E}
		{AD66E3A2-D108-4D7D-84D1-9D630EBAC0CF} = {4A64AEF7-6F7A-435D-8B2E-8FDD292E8D7C}
	EndGlobalSection
	GlobalSection(ExtensibilityGlobals) = postSolution
		SolutionGuid = {9AB26040-D80F-4AFB-B8EF-676647BDD3D7}
	EndGlobalSection
EndGlobal
